
Microsoft Visual Studio Solution File, Format Version 12.00
# Visual Studio Version 16
VisualStudioVersion = 16.0.31410.357
MinimumVisualStudioVersion = 10.0.40219.1
Project("{FAE04EC0-301F-11D3-BF4B-00C04F79EFBC}") = "MetroApp", "MetroApp\MetroApp.csproj", "{EE748056-1041-47AF-B722-1DE7B7BF7B95}"
EndProject
Global
	GlobalSection(SolutionConfigurationPlatforms) = preSolution
		Debug|Any CPU = Debug|Any CPU
		Release|Any CPU = Release|Any CPU
	EndGlobalSection
	GlobalSection(ProjectConfigurationPlatforms) = postSolution
		{EE748056-1041-47AF-B722-1DE7B7BF7B95}.Debug|Any CPU.ActiveCfg = Debug|Any CPU
		{EE748056-1041-47AF-B722-1DE7B7BF7B95}.Debug|Any CPU.Build.0 = Debug|Any CPU
		{EE748056-1041-47AF-B722-1DE7B7BF7B95}.Release|Any CPU.ActiveCfg = Release|Any CPU
		{EE748056-1041-47AF-B722-1DE7B7BF7B95}.Release|Any CPU.Build.0 = Release|Any CPU
	EndGlobalSection
	GlobalSection(SolutionProperties) = preSolution
		HideSolutionNode = FALSE
	EndGlobalSection
	GlobalSection(ExtensibilityGlobals) = postSolution
		SolutionGuid = {3709A6CB-CCE6-4C1D-8CEC-33C8B9F83DE0}
	EndGlobalSection
EndGlobal
