
Microsoft Visual Studio Solution File, Format Version 12.00
# Visual Studio Version 16
VisualStudioVersion = 16.0.809.6
MinimumVisualStudioVersion = 10.0.40219.1
Project("{FAE04EC0-301F-11D3-BF4B-00C04F79EFBC}") = "RiyadhMetro", "RiyadhMetro\RiyadhMetro.csproj", "{BCB31090-F783-4B22-BFFE-D80A30BDCB7D}"
EndProject
Global
	GlobalSection(SolutionConfigurationPlatforms) = preSolution
		Debug|Any CPU = Debug|Any CPU
		Release|Any CPU = Release|Any CPU
	EndGlobalSection
	GlobalSection(ProjectConfigurationPlatforms) = postSolution
		{BCB31090-F783-4B22-BFFE-D80A30BDCB7D}.Debug|Any CPU.ActiveCfg = Debug|Any CPU
		{BCB31090-F783-4B22-BFFE-D80A30BDCB7D}.Debug|Any CPU.Build.0 = Debug|Any CPU
		{BCB31090-F783-4B22-BFFE-D80A30BDCB7D}.Release|Any CPU.ActiveCfg = Release|Any CPU
		{BCB31090-F783-4B22-BFFE-D80A30BDCB7D}.Release|Any CPU.Build.0 = Release|Any CPU
	EndGlobalSection
	GlobalSection(SolutionProperties) = preSolution
		HideSolutionNode = FALSE
	EndGlobalSection
	GlobalSection(ExtensibilityGlobals) = postSolution
		SolutionGuid = {1E79B08E-FCA6-4F3C-B809-FF26A06A8974}
	EndGlobalSection
EndGlobal
